// !$*UTF8*$!
{
	archiveVersion = 1;
	classes = {
	};
	objectVersion = 50;
	objects = {

/* Begin PBXBuildFile section */
		FBB88E4622A6526A0030CF8E /* AppDelegate.swift in Sources */ = {isa = PBXBuildFile; fileRef = FBB88E4522A6526A0030CF8E /* AppDelegate.swift */; };
		FBB88E4822A6526A0030CF8E /* SceneDelegate.swift in Sources */ = {isa = PBXBuildFile; fileRef = FBB88E4722A6526A0030CF8E /* SceneDelegate.swift */; };
		FBB88E4B22A6526A0030CF8E /* Landmarks.xcdatamodeld in Sources */ = {isa = PBXBuildFile; fileRef = FBB88E4922A6526A0030CF8E /* Landmarks.xcdatamodeld */; };
		FBB88E4D22A6526A0030CF8E /* ContentView.swift in Sources */ = {isa = PBXBuildFile; fileRef = FBB88E4C22A6526A0030CF8E /* ContentView.swift */; };
		FBB88E4F22A6526B0030CF8E /* Assets.xcassets in Resources */ = {isa = PBXBuildFile; fileRef = FBB88E4E22A6526B0030CF8E /* Assets.xcassets */; };
		FBB88E5222A6526B0030CF8E /* Preview Assets.xcassets in Resources */ = {isa = PBXBuildFile; fileRef = FBB88E5122A6526B0030CF8E /* Preview Assets.xcassets */; };
		FBB88E5522A6526B0030CF8E /* LaunchScreen.storyboard in Resources */ = {isa = PBXBuildFile; fileRef = FBB88E5322A6526B0030CF8E /* LaunchScreen.storyboard */; };
/* End PBXBuildFile section */

/* Begin PBXFileReference section */
		FBB88E4222A6526A0030CF8E /* Landmarks.app */ = {isa = PBXFileReference; explicitFileType = wrapper.application; includeInIndex = 0; path = Landmarks.app; sourceTree = BUILT_PRODUCTS_DIR; };
		FBB88E4522A6526A0030CF8E /* AppDelegate.swift */ = {isa = PBXFileReference; lastKnownFileType = sourcecode.swift; path = AppDelegate.swift; sourceTree = "<group>"; };
		FBB88E4722A6526A0030CF8E /* SceneDelegate.swift */ = {isa = PBXFileReference; lastKnownFileType = sourcecode.swift; path = SceneDelegate.swift; sourceTree = "<group>"; };
		FBB88E4A22A6526A0030CF8E /* Landmarks.xcdatamodel */ = {isa = PBXFileReference; lastKnownFileType = wrapper.xcdatamodel; path = Landmarks.xcdatamodel; sourceTree = "<group>"; };
		FBB88E4C22A6526A0030CF8E /* ContentView.swift */ = {isa = PBXFileReference; lastKnownFileType = sourcecode.swift; path = ContentView.swift; sourceTree = "<group>"; };
		FBB88E4E22A6526B0030CF8E /* Assets.xcassets */ = {isa = PBXFileReference; lastKnownFileType = folder.assetcatalog; path = Assets.xcassets; sourceTree = "<group>"; };
		FBB88E5122A6526B0030CF8E /* Preview Assets.xcassets */ = {isa = PBXFileReference; lastKnownFileType = folder.assetcatalog; path = "Preview Assets.xcassets"; sourceTree = "<group>"; };
		FBB88E5422A6526B0030CF8E /* Base */ = {isa = PBXFileReference; lastKnownFileType = file.storyboard; name = Base; path = Base.lproj/LaunchScreen.storyboard; sourceTree = "<group>"; };
		FBB88E5622A6526B0030CF8E /* Info.plist */ = {isa = PBXFileReference; lastKnownFileType = text.plist.xml; path = Info.plist; sourceTree = "<group>"; };
/* End PBXFileReference section */

/* Begin PBXFrameworksBuildPhase section */
		FBB88E3F22A6526A0030CF8E /* Frameworks */ = {
			isa = PBXFrameworksBuildPhase;
			buildActionMask = 2147483647;
			files = (
			);
			runOnlyForDeploymentPostprocessing = 0;
		};
/* End PBXFrameworksBuildPhase section */

/* Begin PBXGroup section */
		FBB88E3922A6526A0030CF8E = {
			isa = PBXGroup;
			children = (
				FBB88E4422A6526A0030CF8E /* Landmarks */,
				FBB88E4322A6526A0030CF8E /* Products */,
			);
			sourceTree = "<group>";
		};
		FBB88E4322A6526A0030CF8E /* Products */ = {
			isa = PBXGroup;
			children = (
				FBB88E4222A6526A0030CF8E /* Landmarks.app */,
			);
			name = Products;
			sourceTree = "<group>";
		};
		FBB88E4422A6526A0030CF8E /* Landmarks */ = {
			isa = PBXGroup;
			children = (
				FBB88E4522A6526A0030CF8E /* AppDelegate.swift */,
				FBB88E4722A6526A0030CF8E /* SceneDelegate.swift */,
				FBB88E4C22A6526A0030CF8E /* ContentView.swift */,
				FBB88E4E22A6526B0030CF8E /* Assets.xcassets */,
				FBB88E5322A6526B0030CF8E /* LaunchScreen.storyboard */,
				FBB88E5622A6526B0030CF8E /* Info.plist */,
				FBB88E4922A6526A0030CF8E /* Landmarks.xcdatamodeld */,
				FBB88E5022A6526B0030CF8E /* Preview Content */,
			);
			path = Landmarks;
			sourceTree = "<group>";
		};
		FBB88E5022A6526B0030CF8E /* Preview Content */ = {
			isa = PBXGroup;
			children = (
				FBB88E5122A6526B0030CF8E /* Preview Assets.xcassets */,
			);
			path = "Preview Content";
			sourceTree = "<group>";
		};
/* End PBXGroup section */

/* Begin PBXNativeTarget section */
		FBB88E4122A6526A0030CF8E /* Landmarks */ = {
			isa = PBXNativeTarget;
			buildConfigurationList = FBB88E5922A6526B0030CF8E /* Build configuration list for PBXNativeTarget "Landmarks" */;
			buildPhases = (
				FBB88E3E22A6526A0030CF8E /* Sources */,
				FBB88E3F22A6526A0030CF8E /* Frameworks */,
				FBB88E4022A6526A0030CF8E /* Resources */,
			);
			buildRules = (
			);
			dependencies = (
			);
			name = Landmarks;
			productName = Landmarks;
			productReference = FBB88E4222A6526A0030CF8E /* Landmarks.app */;
			productType = "com.apple.product-type.application";
		};
/* End PBXNativeTarget section */

/* Begin PBXProject section */
		FBB88E3A22A6526A0030CF8E /* Project object */ = {
			isa = PBXProject;
			attributes = {
				LastSwiftUpdateCheck = 1100;
				LastUpgradeCheck = 1100;
				ORGANIZATIONNAME = "Michail Bondarenko";
				TargetAttributes = {
					FBB88E4122A6526A0030CF8E = {
						CreatedOnToolsVersion = 11.0;
					};
				};
			};
			buildConfigurationList = FBB88E3D22A6526A0030CF8E /* Build configuration list for PBXProject "Landmarks" */;
			compatibilityVersion = "Xcode 9.3";
			developmentRegion = en;
			hasScannedForEncodings = 0;
			knownRegions = (
				en,
				Base,
			);
			mainGroup = FBB88E3922A6526A0030CF8E;
			productRefGroup = FBB88E4322A6526A0030CF8E /* Products */;
			projectDirPath = "";
			projectRoot = "";
			targets = (
				FBB88E4122A6526A0030CF8E /* Landmarks */,
			);
		};
/* End PBXProject section */

/* Begin PBXResourcesBuildPhase section */
		FBB88E4022A6526A0030CF8E /* Resources */ = {
			isa = PBXResourcesBuildPhase;
			buildActionMask = 2147483647;
			files = (
				FBB88E5522A6526B0030CF8E /* LaunchScreen.storyboard in Resources */,
				FBB88E5222A6526B0030CF8E /* Preview Assets.xcassets in Resources */,
				FBB88E4F22A6526B0030CF8E /* Assets.xcassets in Resources */,
			);
			runOnlyForDeploymentPostprocessing = 0;
		};
/* End PBXResourcesBuildPhase section */

/* Begin PBXSourcesBuildPhase section */
		FBB88E3E22A6526A0030CF8E /* Sources */ = {
			isa = PBXSourcesBuildPhase;
			buildActionMask = 2147483647;
			files = (
				FBB88E4622A6526A0030CF8E /* AppDelegate.swift in Sources */,
				FBB88E4822A6526A0030CF8E /* SceneDelegate.swift in Sources */,
				FBB88E4D22A6526A0030CF8E /* ContentView.swift in Sources */,
				FBB88E4B22A6526A0030CF8E /* Landmarks.xcdatamodeld in Sources */,
			);
			runOnlyForDeploymentPostprocessing = 0;
		};
/* End PBXSourcesBuildPhase section */

/* Begin PBXVariantGroup section */
		FBB88E5322A6526B0030CF8E /* LaunchScreen.storyboard */ = {
			isa = PBXVariantGroup;
			children = (
				FBB88E5422A6526B0030CF8E /* Base */,
			);
			name = LaunchScreen.storyboard;
			sourceTree = "<group>";
		};
/* End PBXVariantGroup section */

/* Begin XCBuildConfiguration section */
		FBB88E5722A6526B0030CF8E /* Debug */ = {
			isa = XCBuildConfiguration;
			buildSettings = {
				ALWAYS_SEARCH_USER_PATHS = NO;
				CLANG_ANALYZER_NONNULL = YES;
				CLANG_ANALYZER_NUMBER_OBJECT_CONVERSION = YES_AGGRESSIVE;
				CLANG_CXX_LANGUAGE_STANDARD = "gnu++14";
				CLANG_CXX_LIBRARY = "libc++";
				CLANG_ENABLE_MODULES = YES;
				CLANG_ENABLE_OBJC_ARC = YES;
				CLANG_ENABLE_OBJC_WEAK = YES;
				CLANG_WARN_BLOCK_CAPTURE_AUTORELEASING = YES;
				CLANG_WARN_BOOL_CONVERSION = YES;
				CLANG_WARN_COMMA = YES;
				CLANG_WARN_CONSTANT_CONVERSION = YES;
				CLANG_WARN_DEPRECATED_OBJC_IMPLEMENTATIONS = YES;
				CLANG_WARN_DIRECT_OBJC_ISA_USAGE = YES_ERROR;
				CLANG_WARN_DOCUMENTATION_COMMENTS = YES;
				CLANG_WARN_EMPTY_BODY = YES;
				CLANG_WARN_ENUM_CONVERSION = YES;
				CLANG_WARN_INFINITE_RECURSION = YES;
				CLANG_WARN_INT_CONVERSION = YES;
				CLANG_WARN_NON_LITERAL_NULL_CONVERSION = YES;
				CLANG_WARN_OBJC_IMPLICIT_RETAIN_SELF = YES;
				CLANG_WARN_OBJC_LITERAL_CONVERSION = YES;
				CLANG_WARN_OBJC_ROOT_CLASS = YES_ERROR;
				CLANG_WARN_RANGE_LOOP_ANALYSIS = YES;
				CLANG_WARN_STRICT_PROTOTYPES = YES;
				CLANG_WARN_SUSPICIOUS_MOVE = YES;
				CLANG_WARN_UNGUARDED_AVAILABILITY = YES_AGGRESSIVE;
				CLANG_WARN_UNREACHABLE_CODE = YES;
				CLANG_WARN__DUPLICATE_METHOD_MATCH = YES;
				COPY_PHASE_STRIP = NO;
				DEBUG_INFORMATION_FORMAT = dwarf;
				ENABLE_STRICT_OBJC_MSGSEND = YES;
				ENABLE_TESTABILITY = YES;
				GCC_C_LANGUAGE_STANDARD = gnu11;
				GCC_DYNAMIC_NO_PIC = NO;
				GCC_NO_COMMON_BLOCKS = YES;
				GCC_OPTIMIZATION_LEVEL = 0;
				GCC_PREPROCESSOR_DEFINITIONS = (
					"DEBUG=1",
					"$(inherited)",
				);
				GCC_WARN_64_TO_32_BIT_CONVERSION = YES;
				GCC_WARN_ABOUT_RETURN_TYPE = YES_ERROR;
				GCC_WARN_UNDECLARED_SELECTOR = YES;
				GCC_WARN_UNINITIALIZED_AUTOS = YES_AGGRESSIVE;
				GCC_WARN_UNUSED_FUNCTION = YES;
				GCC_WARN_UNUSED_VARIABLE = YES;
				IPHONEOS_DEPLOYMENT_TARGET = 13.0;
				MTL_ENABLE_DEBUG_INFO = INCLUDE_SOURCE;
				MTL_FAST_MATH = YES;
				ONLY_ACTIVE_ARCH = YES;
				SDKROOT = iphoneos;
				SWIFT_ACTIVE_COMPILATION_CONDITIONS = DEBUG;
				SWIFT_OPTIMIZATION_LEVEL = "-Onone";
			};
			name = Debug;
		};
		FBB88E5822A6526B0030CF8E /* Release */ = {
			isa = XCBuildConfiguration;
			buildSettings = {
				ALWAYS_SEARCH_USER_PATHS = NO;
				CLANG_ANALYZER_NONNULL = YES;
				CLANG_ANALYZER_NUMBER_OBJECT_CONVERSION = YES_AGGRESSIVE;
				CLANG_CXX_LANGUAGE_STANDARD = "gnu++14";
				CLANG_CXX_LIBRARY = "libc++";
				CLANG_ENABLE_MODULES = YES;
				CLANG_ENABLE_OBJC_ARC = YES;
				CLANG_ENABLE_OBJC_WEAK = YES;
				CLANG_WARN_BLOCK_CAPTURE_AUTORELEASING = YES;
				CLANG_WARN_BOOL_CONVERSION = YES;
				CLANG_WARN_COMMA = YES;
				CLANG_WARN_CONSTANT_CONVERSION = YES;
				CLANG_WARN_DEPRECATED_OBJC_IMPLEMENTATIONS = YES;
				CLANG_WARN_DIRECT_OBJC_ISA_USAGE = YES_ERROR;
				CLANG_WARN_DOCUMENTATION_COMMENTS = YES;
				CLANG_WARN_EMPTY_BODY = YES;
				CLANG_WARN_ENUM_CONVERSION = YES;
				CLANG_WARN_INFINITE_RECURSION = YES;
				CLANG_WARN_INT_CONVERSION = YES;
				CLANG_WARN_NON_LITERAL_NULL_CONVERSION = YES;
				CLANG_WARN_OBJC_IMPLICIT_RETAIN_SELF = YES;
				CLANG_WARN_OBJC_LITERAL_CONVERSION = YES;
				CLANG_WARN_OBJC_ROOT_CLASS = YES_ERROR;
				CLANG_WARN_RANGE_LOOP_ANALYSIS = YES;
				CLANG_WARN_STRICT_PROTOTYPES = YES;
				CLANG_WARN_SUSPICIOUS_MOVE = YES;
				CLANG_WARN_UNGUARDED_AVAILABILITY = YES_AGGRESSIVE;
				CLANG_WARN_UNREACHABLE_CODE = YES;
				CLANG_WARN__DUPLICATE_METHOD_MATCH = YES;
				COPY_PHASE_STRIP = NO;
				DEBUG_INFORMATION_FORMAT = "dwarf-with-dsym";
				ENABLE_NS_ASSERTIONS = NO;
				ENABLE_STRICT_OBJC_MSGSEND = YES;
				GCC_C_LANGUAGE_STANDARD = gnu11;
				GCC_NO_COMMON_BLOCKS = YES;
				GCC_WARN_64_TO_32_BIT_CONVERSION = YES;
				GCC_WARN_ABOUT_RETURN_TYPE = YES_ERROR;
				GCC_WARN_UNDECLARED_SELECTOR = YES;
				GCC_WARN_UNINITIALIZED_AUTOS = YES_AGGRESSIVE;
				GCC_WARN_UNUSED_FUNCTION = YES;
				GCC_WARN_UNUSED_VARIABLE = YES;
				IPHONEOS_DEPLOYMENT_TARGET = 13.0;
				MTL_ENABLE_DEBUG_INFO = NO;
				MTL_FAST_MATH = YES;
				SDKROOT = iphoneos;
				SWIFT_COMPILATION_MODE = wholemodule;
				SWIFT_OPTIMIZATION_LEVEL = "-O";
				VALIDATE_PRODUCT = YES;
			};
			name = Release;
		};
		FBB88E5A22A6526B0030CF8E /* Debug */ = {
			isa = XCBuildConfiguration;
			buildSettings = {
				ASSETCATALOG_COMPILER_APPICON_NAME = AppIcon;
				CODE_SIGN_STYLE = Automatic;
				DEVELOPMENT_ASSET_PATHS = "Landmarks/Preview\\ Content";
				DEVELOPMENT_TEAM = GYWWW55376;
				ENABLE_PREVIEWS = YES;
				INFOPLIST_FILE = Landmarks/Info.plist;
				LD_RUNPATH_SEARCH_PATHS = (
					"$(inherited)",
					"@executable_path/Frameworks",
				);
				PRODUCT_BUNDLE_IDENTIFIER = com.mcmikius.Landmarks;
				PRODUCT_NAME = "$(TARGET_NAME)";
				SWIFT_VERSION = 5.0;
				TARGETED_DEVICE_FAMILY = "1,2";
			};
			name = Debug;
		};
		FBB88E5B22A6526B0030CF8E /* Release */ = {
			isa = XCBuildConfiguration;
			buildSettings = {
				ASSETCATALOG_COMPILER_APPICON_NAME = AppIcon;
				CODE_SIGN_STYLE = Automatic;
				DEVELOPMENT_ASSET_PATHS = "Landmarks/Preview\\ Content";
				DEVELOPMENT_TEAM = GYWWW55376;
				ENABLE_PREVIEWS = YES;
				INFOPLIST_FILE = Landmarks/Info.plist;
				LD_RUNPATH_SEARCH_PATHS = (
					"$(inherited)",
					"@executable_path/Frameworks",
				);
				PRODUCT_BUNDLE_IDENTIFIER = com.mcmikius.Landmarks;
				PRODUCT_NAME = "$(TARGET_NAME)";
				SWIFT_VERSION = 5.0;
				TARGETED_DEVICE_FAMILY = "1,2";
			};
			name = Release;
		};
/* End XCBuildConfiguration section */

/* Begin XCConfigurationList section */
		FBB88E3D22A6526A0030CF8E /* Build configuration list for PBXProject "Landmarks" */ = {
			isa = XCConfigurationList;
			buildConfigurations = (
				FBB88E5722A6526B0030CF8E /* Debug */,
				FBB88E5822A6526B0030CF8E /* Release */,
			);
			defaultConfigurationIsVisible = 0;
			defaultConfigurationName = Release;
		};
		FBB88E5922A6526B0030CF8E /* Build configuration list for PBXNativeTarget "Landmarks" */ = {
			isa = XCConfigurationList;
			buildConfigurations = (
				FBB88E5A22A6526B0030CF8E /* Debug */,
				FBB88E5B22A6526B0030CF8E /* Release */,
			);
			defaultConfigurationIsVisible = 0;
			defaultConfigurationName = Release;
		};
/* End XCConfigurationList section */

/* Begin XCVersionGroup section */
		FBB88E4922A6526A0030CF8E /* Landmarks.xcdatamodeld */ = {
			isa = XCVersionGroup;
			children = (
				FBB88E4A22A6526A0030CF8E /* Landmarks.xcdatamodel */,
			);
			currentVersion = FBB88E4A22A6526A0030CF8E /* Landmarks.xcdatamodel */;
			path = Landmarks.xcdatamodeld;
			sourceTree = "<group>";
			versionGroupType = wrapper.xcdatamodel;
		};
/* End XCVersionGroup section */
	};
	rootObject = FBB88E3A22A6526A0030CF8E /* Project object */;
}
